
Microsoft Visual Studio Solution File, Format Version 12.00
# Visual Studio 15
VisualStudioVersion = 15.0.27428.2015
MinimumVisualStudioVersion = 10.0.40219.1
Project("{FAE04EC0-301F-11D3-BF4B-00C04F79EFBC}") = "towerGame", "tower-game\towerGame.csproj", "{E501094A-98F0-45F2-8E0D-EDD8536BCFE8}"
EndProject
Project("{2150E333-8FDC-42A3-9474-1A3956D46DE8}") = "Solution Items", "Solution Items", "{278707D5-F825-48FD-A417-66399B8AF341}"
EndProject
Global
	GlobalSection(SolutionConfigurationPlatforms) = preSolution
		Debug|Any CPU = Debug|Any CPU
		Release|Any CPU = Release|Any CPU
	EndGlobalSection
	GlobalSection(ProjectConfigurationPlatforms) = postSolution
		{E501094A-98F0-45F2-8E0D-EDD8536BCFE8}.Debug|Any CPU.ActiveCfg = Debug|Any CPU
		{E501094A-98F0-45F2-8E0D-EDD8536BCFE8}.Debug|Any CPU.Build.0 = Debug|Any CPU
		{E501094A-98F0-45F2-8E0D-EDD8536BCFE8}.Release|Any CPU.ActiveCfg = Release|Any CPU
		{E501094A-98F0-45F2-8E0D-EDD8536BCFE8}.Release|Any CPU.Build.0 = Release|Any CPU
	EndGlobalSection
	GlobalSection(SolutionProperties) = preSolution
		HideSolutionNode = FALSE
	EndGlobalSection
	GlobalSection(ExtensibilityGlobals) = postSolution
		SolutionGuid = {FC0CB591-0178-4C42-89DB-AFEE2964CAEC}
	EndGlobalSection
EndGlobal
